
Microsoft Visual Studio Solution File, Format Version 12.00
# Visual Studio Version 17
VisualStudioVersion = 17.14.36623.8
MinimumVisualStudioVersion = 10.0.40219.1
Project("{FAE04EC0-301F-11D3-BF4B-00C04F79EFBC}") = "Employee-Assignment", "Employee-Assignment\Employee-Assignment.csproj", "{0AFBF91F-A638-4FB6-81C0-D0601E18ECC4}"
EndProject
Project("{FAE04EC0-301F-11D3-BF4B-00C04F79EFBC}") = "Employee_Assignment.UnitTests", "Employee_Assignment.UnitTests\Employee_Assignment.UnitTests.csproj", "{D12DB652-1A7D-474D-B398-4C14FC4AA827}"
EndProject
Project("{FAE04EC0-301F-11D3-BF4B-00C04F79EFBC}") = "Employee_Assignment.IntegrationTests", "Employee_Assignment.IntegrationTests\Employee_Assignment.IntegrationTests.csproj", "{BF7ACCAC-B492-4916-A70D-C6E7F9C316D8}"
EndProject
Global
	GlobalSection(SolutionConfigurationPlatforms) = preSolution
		Debug|Any CPU = Debug|Any CPU
		Debug|x64 = Debug|x64
		Debug|x86 = Debug|x86
		Release|Any CPU = Release|Any CPU
		Release|x64 = Release|x64
		Release|x86 = Release|x86
	EndGlobalSection
	GlobalSection(ProjectConfigurationPlatforms) = postSolution
		{0AFBF91F-A638-4FB6-81C0-D0601E18ECC4}.Debug|Any CPU.ActiveCfg = Debug|Any CPU
		{0AFBF91F-A638-4FB6-81C0-D0601E18ECC4}.Debug|Any CPU.Build.0 = Debug|Any CPU
		{0AFBF91F-A638-4FB6-81C0-D0601E18ECC4}.Debug|x64.ActiveCfg = Debug|Any CPU
		{0AFBF91F-A638-4FB6-81C0-D0601E18ECC4}.Debug|x64.Build.0 = Debug|Any CPU
		{0AFBF91F-A638-4FB6-81C0-D0601E18ECC4}.Debug|x86.ActiveCfg = Debug|Any CPU
		{0AFBF91F-A638-4FB6-81C0-D0601E18ECC4}.Debug|x86.Build.0 = Debug|Any CPU
		{0AFBF91F-A638-4FB6-81C0-D0601E18ECC4}.Release|Any CPU.ActiveCfg = Release|Any CPU
		{0AFBF91F-A638-4FB6-81C0-D0601E18ECC4}.Release|Any CPU.Build.0 = Release|Any CPU
		{0AFBF91F-A638-4FB6-81C0-D0601E18ECC4}.Release|x64.ActiveCfg = Release|Any CPU
		{0AFBF91F-A638-4FB6-81C0-D0601E18ECC4}.Release|x64.Build.0 = Release|Any CPU
		{0AFBF91F-A638-4FB6-81C0-D0601E18ECC4}.Release|x86.ActiveCfg = Release|Any CPU
		{0AFBF91F-A638-4FB6-81C0-D0601E18ECC4}.Release|x86.Build.0 = Release|Any CPU
		{D12DB652-1A7D-474D-B398-4C14FC4AA827}.Debug|Any CPU.ActiveCfg = Debug|Any CPU
		{D12DB652-1A7D-474D-B398-4C14FC4AA827}.Debug|Any CPU.Build.0 = Debug|Any CPU
		{D12DB652-1A7D-474D-B398-4C14FC4AA827}.Debug|x64.ActiveCfg = Debug|Any CPU
		{D12DB652-1A7D-474D-B398-4C14FC4AA827}.Debug|x64.Build.0 = Debug|Any CPU
		{D12DB652-1A7D-474D-B398-4C14FC4AA827}.Debug|x86.ActiveCfg = Debug|Any CPU
		{D12DB652-1A7D-474D-B398-4C14FC4AA827}.Debug|x86.Build.0 = Debug|Any CPU
		{D12DB652-1A7D-474D-B398-4C14FC4AA827}.Release|Any CPU.ActiveCfg = Release|Any CPU
		{D12DB652-1A7D-474D-B398-4C14FC4AA827}.Release|Any CPU.Build.0 = Release|Any CPU
		{D12DB652-1A7D-474D-B398-4C14FC4AA827}.Release|x64.ActiveCfg = Release|Any CPU
		{D12DB652-1A7D-474D-B398-4C14FC4AA827}.Release|x64.Build.0 = Release|Any CPU
		{D12DB652-1A7D-474D-B398-4C14FC4AA827}.Release|x86.ActiveCfg = Release|Any CPU
		{D12DB652-1A7D-474D-B398-4C14FC4AA827}.Release|x86.Build.0 = Release|Any CPU
		{BF7ACCAC-B492-4916-A70D-C6E7F9C316D8}.Debug|Any CPU.ActiveCfg = Debug|Any CPU
		{BF7ACCAC-B492-4916-A70D-C6E7F9C316D8}.Debug|Any CPU.Build.0 = Debug|Any CPU
		{BF7ACCAC-B492-4916-A70D-C6E7F9C316D8}.Debug|x64.ActiveCfg = Debug|Any CPU
		{BF7ACCAC-B492-4916-A70D-C6E7F9C316D8}.Debug|x64.Build.0 = Debug|Any CPU
		{BF7ACCAC-B492-4916-A70D-C6E7F9C316D8}.Debug|x86.ActiveCfg = Debug|Any CPU
		{BF7ACCAC-B492-4916-A70D-C6E7F9C316D8}.Debug|x86.Build.0 = Debug|Any CPU
		{BF7ACCAC-B492-4916-A70D-C6E7F9C316D8}.Release|Any CPU.ActiveCfg = Release|Any CPU
		{BF7ACCAC-B492-4916-A70D-C6E7F9C316D8}.Release|Any CPU.Build.0 = Release|Any CPU
		{BF7ACCAC-B492-4916-A70D-C6E7F9C316D8}.Release|x64.ActiveCfg = Release|Any CPU
		{BF7ACCAC-B492-4916-A70D-C6E7F9C316D8}.Release|x64.Build.0 = Release|Any CPU
		{BF7ACCAC-B492-4916-A70D-C6E7F9C316D8}.Release|x86.ActiveCfg = Release|Any CPU
		{BF7ACCAC-B492-4916-A70D-C6E7F9C316D8}.Release|x86.Build.0 = Release|Any CPU
	EndGlobalSection
	GlobalSection(SolutionProperties) = preSolution
		HideSolutionNode = FALSE
	EndGlobalSection
	GlobalSection(ExtensibilityGlobals) = postSolution
		SolutionGuid = {C84DD7D1-191E-47D5-B7F9-10D8C5490CBF}
	EndGlobalSection
EndGlobal
